
Microsoft Visual Studio Solution File, Format Version 12.00
# Visual Studio Version 16
VisualStudioVersion = 16.0.29728.190
MinimumVisualStudioVersion = 10.0.40219.1
Project("{FAE04EC0-301F-11D3-BF4B-00C04F79EFBC}") = "Practica 1", "Practica 1\Practica 1.csproj", "{69572F17-77C1-4022-91B7-95A25AA4B46D}"
EndProject
Project("{FAE04EC0-301F-11D3-BF4B-00C04F79EFBC}") = "Practica 2", "Practica 2\Practica 2.csproj", "{D278707F-613F-4184-9EAF-385F7DBCEBCB}"
EndProject
Project("{FAE04EC0-301F-11D3-BF4B-00C04F79EFBC}") = "Practica 3", "Practica 3\Practica 3.csproj", "{F0D8667D-2C2A-4628-81CE-B367710DAFF3}"
EndProject
Project("{FAE04EC0-301F-11D3-BF4B-00C04F79EFBC}") = "Practica 4", "Practica 4\Practica 4.csproj", "{B2B580DF-011C-41E1-8967-E6ACD5B6C614}"
EndProject
Project("{FAE04EC0-301F-11D3-BF4B-00C04F79EFBC}") = "Practica 5", "Practica 5\Practica 5.csproj", "{EA9B26EC-0AC3-4EFE-A913-212975E4B71A}"
EndProject
Global
	GlobalSection(SolutionConfigurationPlatforms) = preSolution
		Debug|Any CPU = Debug|Any CPU
		Release|Any CPU = Release|Any CPU
	EndGlobalSection
	GlobalSection(ProjectConfigurationPlatforms) = postSolution
		{69572F17-77C1-4022-91B7-95A25AA4B46D}.Debug|Any CPU.ActiveCfg = Debug|Any CPU
		{69572F17-77C1-4022-91B7-95A25AA4B46D}.Debug|Any CPU.Build.0 = Debug|Any CPU
		{69572F17-77C1-4022-91B7-95A25AA4B46D}.Release|Any CPU.ActiveCfg = Release|Any CPU
		{69572F17-77C1-4022-91B7-95A25AA4B46D}.Release|Any CPU.Build.0 = Release|Any CPU
		{D278707F-613F-4184-9EAF-385F7DBCEBCB}.Debug|Any CPU.ActiveCfg = Debug|Any CPU
		{D278707F-613F-4184-9EAF-385F7DBCEBCB}.Debug|Any CPU.Build.0 = Debug|Any CPU
		{D278707F-613F-4184-9EAF-385F7DBCEBCB}.Release|Any CPU.ActiveCfg = Release|Any CPU
		{D278707F-613F-4184-9EAF-385F7DBCEBCB}.Release|Any CPU.Build.0 = Release|Any CPU
		{F0D8667D-2C2A-4628-81CE-B367710DAFF3}.Debug|Any CPU.ActiveCfg = Debug|Any CPU
		{F0D8667D-2C2A-4628-81CE-B367710DAFF3}.Debug|Any CPU.Build.0 = Debug|Any CPU
		{F0D8667D-2C2A-4628-81CE-B367710DAFF3}.Release|Any CPU.ActiveCfg = Release|Any CPU
		{F0D8667D-2C2A-4628-81CE-B367710DAFF3}.Release|Any CPU.Build.0 = Release|Any CPU
		{B2B580DF-011C-41E1-8967-E6ACD5B6C614}.Debug|Any CPU.ActiveCfg = Debug|Any CPU
		{B2B580DF-011C-41E1-8967-E6ACD5B6C614}.Debug|Any CPU.Build.0 = Debug|Any CPU
		{B2B580DF-011C-41E1-8967-E6ACD5B6C614}.Release|Any CPU.ActiveCfg = Release|Any CPU
		{B2B580DF-011C-41E1-8967-E6ACD5B6C614}.Release|Any CPU.Build.0 = Release|Any CPU
		{EA9B26EC-0AC3-4EFE-A913-212975E4B71A}.Debug|Any CPU.ActiveCfg = Debug|Any CPU
		{EA9B26EC-0AC3-4EFE-A913-212975E4B71A}.Debug|Any CPU.Build.0 = Debug|Any CPU
		{EA9B26EC-0AC3-4EFE-A913-212975E4B71A}.Release|Any CPU.ActiveCfg = Release|Any CPU
		{EA9B26EC-0AC3-4EFE-A913-212975E4B71A}.Release|Any CPU.Build.0 = Release|Any CPU
	EndGlobalSection
	GlobalSection(SolutionProperties) = preSolution
		HideSolutionNode = FALSE
	EndGlobalSection
	GlobalSection(ExtensibilityGlobals) = postSolution
		SolutionGuid = {8D273E2A-6302-415E-A995-BB68E706BAAA}
	EndGlobalSection
EndGlobal
